
Microsoft Visual Studio Solution File, Format Version 12.00
# Visual Studio Version 17
VisualStudioVersion = 17.13.35818.85
MinimumVisualStudioVersion = 10.0.40219.1
Project("{FAE04EC0-301F-11D3-BF4B-00C04F79EFBC}") = "ChessMultitool", "ChessMultitool\ChessMultitool.csproj", "{2A2D3953-EE78-48D0-AA2E-8FC3B3467828}"
EndProject
Global
	GlobalSection(SolutionConfigurationPlatforms) = preSolution
		Debug|Any CPU = Debug|Any CPU
		Release|Any CPU = Release|Any CPU
	EndGlobalSection
	GlobalSection(ProjectConfigurationPlatforms) = postSolution
		{2A2D3953-EE78-48D0-AA2E-8FC3B3467828}.Debug|Any CPU.ActiveCfg = Debug|Any CPU
		{2A2D3953-EE78-48D0-AA2E-8FC3B3467828}.Debug|Any CPU.Build.0 = Debug|Any CPU
		{2A2D3953-EE78-48D0-AA2E-8FC3B3467828}.Debug|Any CPU.Deploy.0 = Debug|Any CPU
		{2A2D3953-EE78-48D0-AA2E-8FC3B3467828}.Release|Any CPU.ActiveCfg = Release|Any CPU
		{2A2D3953-EE78-48D0-AA2E-8FC3B3467828}.Release|Any CPU.Build.0 = Release|Any CPU
		{2A2D3953-EE78-48D0-AA2E-8FC3B3467828}.Release|Any CPU.Deploy.0 = Release|Any CPU
	EndGlobalSection
	GlobalSection(SolutionProperties) = preSolution
		HideSolutionNode = FALSE
	EndGlobalSection
	GlobalSection(ExtensibilityGlobals) = postSolution
		SolutionGuid = {FA4F2FBC-203D-4582-A3DC-6FE707B319E3}
	EndGlobalSection
EndGlobal
